# This file is automatically @generated by Poetry 1.8.3 and should not be changed by hand.

[[package]]
name = "ruff"
version = "0.8.5"
description = "An extremely fast Python linter and code formatter, written in Rust."
optional = false
python-versions = ">=3.7"
files = [
    {file = "ruff-0.8.5-py3-none-linux_armv6l.whl", hash = "sha256:5ad11a5e3868a73ca1fa4727fe7e33735ea78b416313f4368c504dbeb69c0f88"},
    {file = "ruff-0.8.5-py3-none-macosx_10_12_x86_64.whl", hash = "sha256:f69ab37771ea7e0715fead8624ec42996d101269a96e31f4d31be6fc33aa19b7"},
    {file = "ruff-0.8.5-py3-none-macosx_11_0_arm64.whl", hash = "sha256:b5462d7804558ccff9c08fe8cbf6c14b7efe67404316696a2dde48297b1925bb"},
    {file = "ruff-0.8.5-py3-none-manylinux_2_17_aarch64.manylinux2014_aarch64.whl", hash = "sha256:d56de7220a35607f9fe59f8a6d018e14504f7b71d784d980835e20fc0611cd50"},
    {file = "ruff-0.8.5-py3-none-manylinux_2_17_armv7l.manylinux2014_armv7l.whl", hash = "sha256:9d99cf80b0429cbebf31cbbf6f24f05a29706f0437c40413d950e67e2d4faca4"},
    {file = "ruff-0.8.5-py3-none-manylinux_2_17_i686.manylinux2014_i686.whl", hash = "sha256:7b75ac29715ac60d554a049dbb0ef3b55259076181c3369d79466cb130eb5afd"},
    {file = "ruff-0.8.5-py3-none-manylinux_2_17_ppc64.manylinux2014_ppc64.whl", hash = "sha256:c9d526a62c9eda211b38463528768fd0ada25dad524cb33c0e99fcff1c67b5dc"},
    {file = "ruff-0.8.5-py3-none-manylinux_2_17_ppc64le.manylinux2014_ppc64le.whl", hash = "sha256:587c5e95007612c26509f30acc506c874dab4c4abbacd0357400bd1aa799931b"},
    {file = "ruff-0.8.5-py3-none-manylinux_2_17_s390x.manylinux2014_s390x.whl", hash = "sha256:622b82bf3429ff0e346835ec213aec0a04d9730480cbffbb6ad9372014e31bbd"},
    {file = "ruff-0.8.5-py3-none-manylinux_2_17_x86_64.manylinux2014_x86_64.whl", hash = "sha256:f99be814d77a5dac8a8957104bdd8c359e85c86b0ee0e38dca447cb1095f70fb"},
    {file = "ruff-0.8.5-py3-none-musllinux_1_2_aarch64.whl", hash = "sha256:c01c048f9c3385e0fd7822ad0fd519afb282af9cf1778f3580e540629df89725"},
    {file = "ruff-0.8.5-py3-none-musllinux_1_2_armv7l.whl", hash = "sha256:7512e8cb038db7f5db6aae0e24735ff9ea03bb0ed6ae2ce534e9baa23c1dc9ea"},
    {file = "ruff-0.8.5-py3-none-musllinux_1_2_i686.whl", hash = "sha256:762f113232acd5b768d6b875d16aad6b00082add40ec91c927f0673a8ec4ede8"},
    {file = "ruff-0.8.5-py3-none-musllinux_1_2_x86_64.whl", hash = "sha256:03a90200c5dfff49e4c967b405f27fdfa81594cbb7c5ff5609e42d7fe9680da5"},
    {file = "ruff-0.8.5-py3-none-win32.whl", hash = "sha256:8710ffd57bdaa6690cbf6ecff19884b8629ec2a2a2a2f783aa94b1cc795139ed"},
    {file = "ruff-0.8.5-py3-none-win_amd64.whl", hash = "sha256:4020d8bf8d3a32325c77af452a9976a9ad6455773bcb94991cf15bd66b347e47"},
    {file = "ruff-0.8.5-py3-none-win_arm64.whl", hash = "sha256:134ae019ef13e1b060ab7136e7828a6d83ea727ba123381307eb37c6bd5e01cb"},
    {file = "ruff-0.8.5.tar.gz", hash = "sha256:1098d36f69831f7ff2a1da3e6407d5fbd6dfa2559e4f74ff2d260c5588900317"},
]

[metadata]
lock-version = "2.0"
python-versions = ">=3.9"
content-hash = "2d525e13cd6d4e7e759c25440f21e8c3e461a1761446bb6769a5361e683d66bd"
